
Microsoft Visual Studio Solution File, Format Version 12.00
# Visual Studio Version 17
VisualStudioVersion = 17.4.33213.308
MinimumVisualStudioVersion = 10.0.40219.1
Project("{FAE04EC0-301F-11D3-BF4B-00C04F79EFBC}") = "MultiPayloadHandling", "MultiPayloadHandling\MultiPayloadHandling.csproj", "{4EA2E84E-4019-4505-9895-FF9B8C16B509}"
EndProject
Global
	GlobalSection(SolutionConfigurationPlatforms) = preSolution
		Debug|Any CPU = Debug|Any CPU
		Release|Any CPU = Release|Any CPU
	EndGlobalSection
	GlobalSection(ProjectConfigurationPlatforms) = postSolution
		{4EA2E84E-4019-4505-9895-FF9B8C16B509}.Debug|Any CPU.ActiveCfg = Debug|Any CPU
		{4EA2E84E-4019-4505-9895-FF9B8C16B509}.Debug|Any CPU.Build.0 = Debug|Any CPU
		{4EA2E84E-4019-4505-9895-FF9B8C16B509}.Release|Any CPU.ActiveCfg = Release|Any CPU
		{4EA2E84E-4019-4505-9895-FF9B8C16B509}.Release|Any CPU.Build.0 = Release|Any CPU
	EndGlobalSection
	GlobalSection(SolutionProperties) = preSolution
		HideSolutionNode = FALSE
	EndGlobalSection
	GlobalSection(ExtensibilityGlobals) = postSolution
		SolutionGuid = {BF6262F5-0586-4D94-874E-386ED196B306}
	EndGlobalSection
EndGlobal
